Microsoft Visual Studio Solution File, Format Version 12.00
# Visual Studio 2012
Project("{FAE04EC0-301F-11D3-BF4B-00C04F79EFBC}") = "Sph Model Import", "Sph Model Import.csproj", "{35789A7E-6A7C-4C33-B585-7C618661FD8E}"
EndProject
Project("{FAE04EC0-301F-11D3-BF4B-00C04F79EFBC}") = "sphModelInfo", "..\sphModelInfo\sphModelInfo\sphModelInfo.csproj", "{147FA32F-8706-4497-AE31-742C6DDB0025}"
EndProject
Global
	GlobalSection(SolutionConfigurationPlatforms) = preSolution
	Debug|Any CPU = Debug|Any CPU
	ExportDebug|Any CPU = ExportDebug|Any CPU
	ExportRelease|Any CPU = ExportRelease|Any CPU
	EndGlobalSection
	GlobalSection(ProjectConfigurationPlatforms) = postSolution
		{35789A7E-6A7C-4C33-B585-7C618661FD8E}.Debug|Any CPU.ActiveCfg = Debug|Any CPU
		{35789A7E-6A7C-4C33-B585-7C618661FD8E}.Debug|Any CPU.Build.0 = Debug|Any CPU
		{35789A7E-6A7C-4C33-B585-7C618661FD8E}.ExportDebug|Any CPU.ActiveCfg = ExportDebug|Any CPU
		{35789A7E-6A7C-4C33-B585-7C618661FD8E}.ExportDebug|Any CPU.Build.0 = ExportDebug|Any CPU
		{35789A7E-6A7C-4C33-B585-7C618661FD8E}.ExportRelease|Any CPU.ActiveCfg = ExportRelease|Any CPU
		{35789A7E-6A7C-4C33-B585-7C618661FD8E}.ExportRelease|Any CPU.Build.0 = ExportRelease|Any CPU
		{147FA32F-8706-4497-AE31-742C6DDB0025}.Debug|Any CPU.ActiveCfg = Debug|Any CPU
		{147FA32F-8706-4497-AE31-742C6DDB0025}.Debug|Any CPU.Build.0 = Debug|Any CPU
		{147FA32F-8706-4497-AE31-742C6DDB0025}.ExportDebug|Any CPU.ActiveCfg = Debug|Any CPU
		{147FA32F-8706-4497-AE31-742C6DDB0025}.ExportDebug|Any CPU.Build.0 = Debug|Any CPU
		{147FA32F-8706-4497-AE31-742C6DDB0025}.ExportRelease|Any CPU.ActiveCfg = Debug|Any CPU
		{147FA32F-8706-4497-AE31-742C6DDB0025}.ExportRelease|Any CPU.Build.0 = Debug|Any CPU
	EndGlobalSection
EndGlobal
