
Microsoft Visual Studio Solution File, Format Version 12.00
Project("{FAE04EC0-301F-11D3-BF4B-00C04F79EFBC}") = "ClientPacketDecode", "ClientPacketDecode.csproj", "{33CBA175-FA89-4B20-A578-9FFEEFBA0018}"
EndProject
Global
	GlobalSection(SolutionConfigurationPlatforms) = preSolution
		Debug|Any CPU = Debug|Any CPU
		Release|Any CPU = Release|Any CPU
	EndGlobalSection
	GlobalSection(ProjectConfigurationPlatforms) = postSolution
		{33CBA175-FA89-4B20-A578-9FFEEFBA0018}.Debug|Any CPU.ActiveCfg = Debug|Any CPU
		{33CBA175-FA89-4B20-A578-9FFEEFBA0018}.Debug|Any CPU.Build.0 = Debug|Any CPU
		{33CBA175-FA89-4B20-A578-9FFEEFBA0018}.Release|Any CPU.ActiveCfg = Release|Any CPU
		{33CBA175-FA89-4B20-A578-9FFEEFBA0018}.Release|Any CPU.Build.0 = Release|Any CPU
	EndGlobalSection
EndGlobal
