
Microsoft Visual Studio Solution File, Format Version 12.00
Project("{FAE04EC0-301F-11D3-BF4B-00C04F79EFBC}") = "HexToBinaryString", "HexToBinaryString.csproj", "{8BD54F8B-6944-4F16-8071-33A674458C5D}"
EndProject
Global
	GlobalSection(SolutionConfigurationPlatforms) = preSolution
		Debug|Any CPU = Debug|Any CPU
		Release|Any CPU = Release|Any CPU
	EndGlobalSection
	GlobalSection(ProjectConfigurationPlatforms) = postSolution
		{8BD54F8B-6944-4F16-8071-33A674458C5D}.Debug|Any CPU.ActiveCfg = Debug|Any CPU
		{8BD54F8B-6944-4F16-8071-33A674458C5D}.Debug|Any CPU.Build.0 = Debug|Any CPU
		{8BD54F8B-6944-4F16-8071-33A674458C5D}.Release|Any CPU.ActiveCfg = Release|Any CPU
		{8BD54F8B-6944-4F16-8071-33A674458C5D}.Release|Any CPU.Build.0 = Release|Any CPU
	EndGlobalSection
EndGlobal
