
Microsoft Visual Studio Solution File, Format Version 12.00
Project("{FAE04EC0-301F-11D3-BF4B-00C04F79EFBC}") = "SimpleKaitaiParser", "SimpleKaitaiParser.csproj", "{CC4B4DA9-6688-44EB-A264-A299C21BDC2C}"
EndProject
Project("{FAE04EC0-301F-11D3-BF4B-00C04F79EFBC}") = "SphereHelpers", "..\SphereHelpers\SphereHelpers.csproj", "{E3E18BD3-B59F-4ED7-B283-61B36826CE4B}"
EndProject
Global
	GlobalSection(SolutionConfigurationPlatforms) = preSolution
		Debug|Any CPU = Debug|Any CPU
		Release|Any CPU = Release|Any CPU
	EndGlobalSection
	GlobalSection(ProjectConfigurationPlatforms) = postSolution
		{CC4B4DA9-6688-44EB-A264-A299C21BDC2C}.Debug|Any CPU.ActiveCfg = Debug|Any CPU
		{CC4B4DA9-6688-44EB-A264-A299C21BDC2C}.Debug|Any CPU.Build.0 = Debug|Any CPU
		{CC4B4DA9-6688-44EB-A264-A299C21BDC2C}.Release|Any CPU.ActiveCfg = Release|Any CPU
		{CC4B4DA9-6688-44EB-A264-A299C21BDC2C}.Release|Any CPU.Build.0 = Release|Any CPU
		{E3E18BD3-B59F-4ED7-B283-61B36826CE4B}.Debug|Any CPU.ActiveCfg = Debug|Any CPU
		{E3E18BD3-B59F-4ED7-B283-61B36826CE4B}.Debug|Any CPU.Build.0 = Debug|Any CPU
		{E3E18BD3-B59F-4ED7-B283-61B36826CE4B}.Release|Any CPU.ActiveCfg = Release|Any CPU
		{E3E18BD3-B59F-4ED7-B283-61B36826CE4B}.Release|Any CPU.Build.0 = Release|Any CPU
	EndGlobalSection
EndGlobal
