
Microsoft Visual Studio Solution File, Format Version 12.00
Project("{FAE04EC0-301F-11D3-BF4B-00C04F79EFBC}") = "sphModelInfo", "sphModelInfo.csproj", "{CA1370F9-75D1-4C25-9D7A-FE8BCFBB0147}"
EndProject
Global
	GlobalSection(SolutionConfigurationPlatforms) = preSolution
		Debug|Any CPU = Debug|Any CPU
		Release|Any CPU = Release|Any CPU
	EndGlobalSection
	GlobalSection(ProjectConfigurationPlatforms) = postSolution
		{CA1370F9-75D1-4C25-9D7A-FE8BCFBB0147}.Debug|Any CPU.ActiveCfg = Debug|Any CPU
		{CA1370F9-75D1-4C25-9D7A-FE8BCFBB0147}.Debug|Any CPU.Build.0 = Debug|Any CPU
		{CA1370F9-75D1-4C25-9D7A-FE8BCFBB0147}.Release|Any CPU.ActiveCfg = Release|Any CPU
		{CA1370F9-75D1-4C25-9D7A-FE8BCFBB0147}.Release|Any CPU.Build.0 = Release|Any CPU
	EndGlobalSection
EndGlobal
